
Microsoft Visual Studio Solution File, Format Version 12.00
# Visual Studio 15
VisualStudioVersion = 15.0.28307.572
MinimumVisualStudioVersion = 10.0.40219.1
Project("{9A19103F-16F7-4668-BE54-9A1E7A4F7556}") = "Database", "Database\Database.csproj", "{C716EC7F-1D2D-440E-9643-2F565EC1C638}"
EndProject
Project("{9A19103F-16F7-4668-BE54-9A1E7A4F7556}") = "Support", "Support\Support.csproj", "{95395537-A7A8-49E3-BDF0-5E4ADD5628D7}"
EndProject
Project("{9A19103F-16F7-4668-BE54-9A1E7A4F7556}") = "API", "WebApplication1\API.csproj", "{271AB3CF-7B3E-4995-AEE2-B984C67DE4D0}"
EndProject
Project("{FAE04EC0-301F-11D3-BF4B-00C04F79EFBC}") = "Test", "Test\Test.csproj", "{A392BB8D-B1AB-47B3-BB22-0F3C8DAFC9E5}"
EndProject
Global
	GlobalSection(SolutionConfigurationPlatforms) = preSolution
		Debug|Any CPU = Debug|Any CPU
		Release|Any CPU = Release|Any CPU
	EndGlobalSection
	GlobalSection(ProjectConfigurationPlatforms) = postSolution
		{C716EC7F-1D2D-440E-9643-2F565EC1C638}.Debug|Any CPU.ActiveCfg = Debug|Any CPU
		{C716EC7F-1D2D-440E-9643-2F565EC1C638}.Debug|Any CPU.Build.0 = Debug|Any CPU
		{C716EC7F-1D2D-440E-9643-2F565EC1C638}.Release|Any CPU.ActiveCfg = Release|Any CPU
		{C716EC7F-1D2D-440E-9643-2F565EC1C638}.Release|Any CPU.Build.0 = Release|Any CPU
		{95395537-A7A8-49E3-BDF0-5E4ADD5628D7}.Debug|Any CPU.ActiveCfg = Debug|Any CPU
		{95395537-A7A8-49E3-BDF0-5E4ADD5628D7}.Debug|Any CPU.Build.0 = Debug|Any CPU
		{95395537-A7A8-49E3-BDF0-5E4ADD5628D7}.Release|Any CPU.ActiveCfg = Release|Any CPU
		{95395537-A7A8-49E3-BDF0-5E4ADD5628D7}.Release|Any CPU.Build.0 = Release|Any CPU
		{271AB3CF-7B3E-4995-AEE2-B984C67DE4D0}.Debug|Any CPU.ActiveCfg = Debug|Any CPU
		{271AB3CF-7B3E-4995-AEE2-B984C67DE4D0}.Debug|Any CPU.Build.0 = Debug|Any CPU
		{271AB3CF-7B3E-4995-AEE2-B984C67DE4D0}.Release|Any CPU.ActiveCfg = Release|Any CPU
		{271AB3CF-7B3E-4995-AEE2-B984C67DE4D0}.Release|Any CPU.Build.0 = Release|Any CPU
		{A392BB8D-B1AB-47B3-BB22-0F3C8DAFC9E5}.Debug|Any CPU.ActiveCfg = Debug|Any CPU
		{A392BB8D-B1AB-47B3-BB22-0F3C8DAFC9E5}.Debug|Any CPU.Build.0 = Debug|Any CPU
		{A392BB8D-B1AB-47B3-BB22-0F3C8DAFC9E5}.Release|Any CPU.ActiveCfg = Release|Any CPU
		{A392BB8D-B1AB-47B3-BB22-0F3C8DAFC9E5}.Release|Any CPU.Build.0 = Release|Any CPU
	EndGlobalSection
	GlobalSection(SolutionProperties) = preSolution
		HideSolutionNode = FALSE
	EndGlobalSection
	GlobalSection(ExtensibilityGlobals) = postSolution
		SolutionGuid = {D01086E4-3D6F-42F2-9B5B-F550E88ED7E8}
	EndGlobalSection
EndGlobal
